// !$*UTF8*$!
{
	archiveVersion = 1;
	classes = {
	};
	objectVersion = 46;
	objects = {

/* Begin PBXBuildFile section */
		09082A551D4EF9F7006B79C2 /* MQDemoMainController.swift in Sources */ = {isa = PBXBuildFile; fileRef = 09082A541D4EF9F7006B79C2 /* MQDemoMainController.swift */; };
		09082A571D4EFA93006B79C2 /* MQDemoTableController.swift in Sources */ = {isa = PBXBuildFile; fileRef = 09082A561D4EFA93006B79C2 /* MQDemoTableController.swift */; };
		09F7C3BF1D40E31C001AB339 /* AppDelegate.swift in Sources */ = {isa = PBXBuildFile; fileRef = 09F7C3BE1D40E31C001AB339 /* AppDelegate.swift */; };
		09F7C3C11D40E31C001AB339 /* ViewController.swift in Sources */ = {isa = PBXBuildFile; fileRef = 09F7C3C01D40E31C001AB339 /* ViewController.swift */; };
		09F7C3C41D40E31C001AB339 /* Main.storyboard in Resources */ = {isa = PBXBuildFile; fileRef = 09F7C3C21D40E31C001AB339 /* Main.storyboard */; };
		09F7C3C61D40E31C001AB339 /* Assets.xcassets in Resources */ = {isa = PBXBuildFile; fileRef = 09F7C3C51D40E31C001AB339 /* Assets.xcassets */; };
		09F7C3C91D40E31C001AB339 /* LaunchScreen.storyboard in Resources */ = {isa = PBXBuildFile; fileRef = 09F7C3C71D40E31C001AB339 /* LaunchScreen.storyboard */; };
		09F7C3D41D40E31C001AB339 /* MQPanGestureRecognizerDrawerTests.swift in Sources */ = {isa = PBXBuildFile; fileRef = 09F7C3D31D40E31C001AB339 /* MQPanGestureRecognizerDrawerTests.swift */; };
/* End PBXBuildFile section */

/* Begin PBXContainerItemProxy section */
		09F7C3D01D40E31C001AB339 /* PBXContainerItemProxy */ = {
			isa = PBXContainerItemProxy;
			containerPortal = 09F7C3B31D40E31C001AB339 /* Project object */;
			proxyType = 1;
			remoteGlobalIDString = 09F7C3BA1D40E31C001AB339;
			remoteInfo = MQPanGestureRecognizerDrawer;
		};
/* End PBXContainerItemProxy section */

/* Begin PBXFileReference section */
		09082A541D4EF9F7006B79C2 /* MQDemoMainController.swift */ = {isa = PBXFileReference; fileEncoding = 4; lastKnownFileType = sourcecode.swift; path = MQDemoMainController.swift; sourceTree = "<group>"; };
		09082A561D4EFA93006B79C2 /* MQDemoTableController.swift */ = {isa = PBXFileReference; fileEncoding = 4; lastKnownFileType = sourcecode.swift; path = MQDemoTableController.swift; sourceTree = "<group>"; };
		09F7C3BB1D40E31C001AB339 /* MQPanGestureRecognizerDrawer.app */ = {isa = PBXFileReference; explicitFileType = wrapper.application; includeInIndex = 0; path = MQPanGestureRecognizerDrawer.app; sourceTree = BUILT_PRODUCTS_DIR; };
		09F7C3BE1D40E31C001AB339 /* AppDelegate.swift */ = {isa = PBXFileReference; lastKnownFileType = sourcecode.swift; path = AppDelegate.swift; sourceTree = "<group>"; };
		09F7C3C01D40E31C001AB339 /* ViewController.swift */ = {isa = PBXFileReference; lastKnownFileType = sourcecode.swift; path = ViewController.swift; sourceTree = "<group>"; };
		09F7C3C31D40E31C001AB339 /* Base */ = {isa = PBXFileReference; lastKnownFileType = file.storyboard; name = Base; path = Base.lproj/Main.storyboard; sourceTree = "<group>"; };
		09F7C3C51D40E31C001AB339 /* Assets.xcassets */ = {isa = PBXFileReference; lastKnownFileType = folder.assetcatalog; path = Assets.xcassets; sourceTree = "<group>"; };
		09F7C3C81D40E31C001AB339 /* Base */ = {isa = PBXFileReference; lastKnownFileType = file.storyboard; name = Base; path = Base.lproj/LaunchScreen.storyboard; sourceTree = "<group>"; };
		09F7C3CA1D40E31C001AB339 /* Info.plist */ = {isa = PBXFileReference; lastKnownFileType = text.plist.xml; path = Info.plist; sourceTree = "<group>"; };
		09F7C3CF1D40E31C001AB339 /* MQPanGestureRecognizerDrawerTests.xctest */ = {isa = PBXFileReference; explicitFileType = wrapper.cfbundle; includeInIndex = 0; path = MQPanGestureRecognizerDrawerTests.xctest; sourceTree = BUILT_PRODUCTS_DIR; };
		09F7C3D31D40E31C001AB339 /* MQPanGestureRecognizerDrawerTests.swift */ = {isa = PBXFileReference; lastKnownFileType = sourcecode.swift; path = MQPanGestureRecognizerDrawerTests.swift; sourceTree = "<group>"; };
		09F7C3D51D40E31C001AB339 /* Info.plist */ = {isa = PBXFileReference; lastKnownFileType = text.plist.xml; path = Info.plist; sourceTree = "<group>"; };
/* End PBXFileReference section */

/* Begin PBXFrameworksBuildPhase section */
		09F7C3B81D40E31C001AB339 /* Frameworks */ = {
			isa = PBXFrameworksBuildPhase;
			buildActionMask = 2147483647;
			files = (
			);
			runOnlyForDeploymentPostprocessing = 0;
		};
		09F7C3CC1D40E31C001AB339 /* Frameworks */ = {
			isa = PBXFrameworksBuildPhase;
			buildActionMask = 2147483647;
			files = (
			);
			runOnlyForDeploymentPostprocessing = 0;
		};
/* End PBXFrameworksBuildPhase section */

/* Begin PBXGroup section */
		09F7C3B21D40E31C001AB339 = {
			isa = PBXGroup;
			children = (
				09F7C3BD1D40E31C001AB339 /* MQPanGestureRecognizerDrawer */,
				09F7C3D21D40E31C001AB339 /* MQPanGestureRecognizerDrawerTests */,
				09F7C3BC1D40E31C001AB339 /* Products */,
			);
			sourceTree = "<group>";
		};
		09F7C3BC1D40E31C001AB339 /* Products */ = {
			isa = PBXGroup;
			children = (
				09F7C3BB1D40E31C001AB339 /* MQPanGestureRecognizerDrawer.app */,
				09F7C3CF1D40E31C001AB339 /* MQPanGestureRecognizerDrawerTests.xctest */,
			);
			name = Products;
			sourceTree = "<group>";
		};
		09F7C3BD1D40E31C001AB339 /* MQPanGestureRecognizerDrawer */ = {
			isa = PBXGroup;
			children = (
				09F7C3BE1D40E31C001AB339 /* AppDelegate.swift */,
				09F7C3C01D40E31C001AB339 /* ViewController.swift */,
				09082A541D4EF9F7006B79C2 /* MQDemoMainController.swift */,
				09082A561D4EFA93006B79C2 /* MQDemoTableController.swift */,
				09F7C3C21D40E31C001AB339 /* Main.storyboard */,
				09F7C3C51D40E31C001AB339 /* Assets.xcassets */,
				09F7C3C71D40E31C001AB339 /* LaunchScreen.storyboard */,
				09F7C3CA1D40E31C001AB339 /* Info.plist */,
			);
			path = MQPanGestureRecognizerDrawer;
			sourceTree = "<group>";
		};
		09F7C3D21D40E31C001AB339 /* MQPanGestureRecognizerDrawerTests */ = {
			isa = PBXGroup;
			children = (
				09F7C3D31D40E31C001AB339 /* MQPanGestureRecognizerDrawerTests.swift */,
				09F7C3D51D40E31C001AB339 /* Info.plist */,
			);
			path = MQPanGestureRecognizerDrawerTests;
			sourceTree = "<group>";
		};
/* End PBXGroup section */

/* Begin PBXNativeTarget section */
		09F7C3BA1D40E31C001AB339 /* MQPanGestureRecognizerDrawer */ = {
			isa = PBXNativeTarget;
			buildConfigurationList = 09F7C3D81D40E31C001AB339 /* Build configuration list for PBXNativeTarget "MQPanGestureRecognizerDrawer" */;
			buildPhases = (
				09F7C3B71D40E31C001AB339 /* Sources */,
				09F7C3B81D40E31C001AB339 /* Frameworks */,
				09F7C3B91D40E31C001AB339 /* Resources */,
			);
			buildRules = (
			);
			dependencies = (
			);
			name = MQPanGestureRecognizerDrawer;
			productName = MQPanGestureRecognizerDrawer;
			productReference = 09F7C3BB1D40E31C001AB339 /* MQPanGestureRecognizerDrawer.app */;
			productType = "com.apple.product-type.application";
		};
		09F7C3CE1D40E31C001AB339 /* MQPanGestureRecognizerDrawerTests */ = {
			isa = PBXNativeTarget;
			buildConfigurationList = 09F7C3DB1D40E31C001AB339 /* Build configuration list for PBXNativeTarget "MQPanGestureRecognizerDrawerTests" */;
			buildPhases = (
				09F7C3CB1D40E31C001AB339 /* Sources */,
				09F7C3CC1D40E31C001AB339 /* Frameworks */,
				09F7C3CD1D40E31C001AB339 /* Resources */,
			);
			buildRules = (
			);
			dependencies = (
				09F7C3D11D40E31C001AB339 /* PBXTargetDependency */,
			);
			name = MQPanGestureRecognizerDrawerTests;
			productName = MQPanGestureRecognizerDrawerTests;
			productReference = 09F7C3CF1D40E31C001AB339 /* MQPanGestureRecognizerDrawerTests.xctest */;
			productType = "com.apple.product-type.bundle.unit-test";
		};
/* End PBXNativeTarget section */

/* Begin PBXProject section */
		09F7C3B31D40E31C001AB339 /* Project object */ = {
			isa = PBXProject;
			attributes = {
				CLASSPREFIX = MQ;
				LastSwiftUpdateCheck = 0730;
				LastUpgradeCheck = 0730;
				ORGANIZATIONNAME = mengQuietly;
				TargetAttributes = {
					09F7C3BA1D40E31C001AB339 = {
						CreatedOnToolsVersion = 7.3.1;
					};
					09F7C3CE1D40E31C001AB339 = {
						CreatedOnToolsVersion = 7.3.1;
						TestTargetID = 09F7C3BA1D40E31C001AB339;
					};
				};
			};
			buildConfigurationList = 09F7C3B61D40E31C001AB339 /* Build configuration list for PBXProject "MQPanGestureRecognizerDrawer" */;
			compatibilityVersion = "Xcode 3.2";
			developmentRegion = English;
			hasScannedForEncodings = 0;
			knownRegions = (
				en,
				Base,
			);
			mainGroup = 09F7C3B21D40E31C001AB339;
			productRefGroup = 09F7C3BC1D40E31C001AB339 /* Products */;
			projectDirPath = "";
			projectRoot = "";
			targets = (
				09F7C3BA1D40E31C001AB339 /* MQPanGestureRecognizerDrawer */,
				09F7C3CE1D40E31C001AB339 /* MQPanGestureRecognizerDrawerTests */,
			);
		};
/* End PBXProject section */

/* Begin PBXResourcesBuildPhase section */
		09F7C3B91D40E31C001AB339 /* Resources */ = {
			isa = PBXResourcesBuildPhase;
			buildActionMask = 2147483647;
			files = (
				09F7C3C91D40E31C001AB339 /* LaunchScreen.storyboard in Resources */,
				09F7C3C61D40E31C001AB339 /* Assets.xcassets in Resources */,
				09F7C3C41D40E31C001AB339 /* Main.storyboard in Resources */,
			);
			runOnlyForDeploymentPostprocessing = 0;
		};
		09F7C3CD1D40E31C001AB339 /* Resources */ = {
			isa = PBXResourcesBuildPhase;
			buildActionMask = 2147483647;
			files = (
			);
			runOnlyForDeploymentPostprocessing = 0;
		};
/* End PBXResourcesBuildPhase section */

/* Begin PBXSourcesBuildPhase section */
		09F7C3B71D40E31C001AB339 /* Sources */ = {
			isa = PBXSourcesBuildPhase;
			buildActionMask = 2147483647;
			files = (
				09F7C3C11D40E31C001AB339 /* ViewController.swift in Sources */,
				09082A571D4EFA93006B79C2 /* MQDemoTableController.swift in Sources */,
				09F7C3BF1D40E31C001AB339 /* AppDelegate.swift in Sources */,
				09082A551D4EF9F7006B79C2 /* MQDemoMainController.swift in Sources */,
			);
			runOnlyForDeploymentPostprocessing = 0;
		};
		09F7C3CB1D40E31C001AB339 /* Sources */ = {
			isa = PBXSourcesBuildPhase;
			buildActionMask = 2147483647;
			files = (
				09F7C3D41D40E31C001AB339 /* MQPanGestureRecognizerDrawerTests.swift in Sources */,
			);
			runOnlyForDeploymentPostprocessing = 0;
		};
/* End PBXSourcesBuildPhase section */

/* Begin PBXTargetDependency section */
		09F7C3D11D40E31C001AB339 /* PBXTargetDependency */ = {
			isa = PBXTargetDependency;
			target = 09F7C3BA1D40E31C001AB339 /* MQPanGestureRecognizerDrawer */;
			targetProxy = 09F7C3D01D40E31C001AB339 /* PBXContainerItemProxy */;
		};
/* End PBXTargetDependency section */

/* Begin PBXVariantGroup section */
		09F7C3C21D40E31C001AB339 /* Main.storyboard */ = {
			isa = PBXVariantGroup;
			children = (
				09F7C3C31D40E31C001AB339 /* Base */,
			);
			name = Main.storyboard;
			sourceTree = "<group>";
		};
		09F7C3C71D40E31C001AB339 /* LaunchScreen.storyboard */ = {
			isa = PBXVariantGroup;
			children = (
				09F7C3C81D40E31C001AB339 /* Base */,
			);
			name = LaunchScreen.storyboard;
			sourceTree = "<group>";
		};
/* End PBXVariantGroup section */

/* Begin XCBuildConfiguration section */
		09F7C3D61D40E31C001AB339 /* Debug */ = {
			isa = XCBuildConfiguration;
			buildSettings = {
				ALWAYS_SEARCH_USER_PATHS = NO;
				CLANG_ANALYZER_NONNULL = YES;
				CLANG_CXX_LANGUAGE_STANDARD = "gnu++0x";
				CLANG_CXX_LIBRARY = "libc++";
				CLANG_ENABLE_MODULES = YES;
				CLANG_ENABLE_OBJC_ARC = YES;
				CLANG_WARN_BOOL_CONVERSION = YES;
				CLANG_WARN_CONSTANT_CONVERSION = YES;
				CLANG_WARN_DIRECT_OBJC_ISA_USAGE = YES_ERROR;
				CLANG_WARN_EMPTY_BODY = YES;
				CLANG_WARN_ENUM_CONVERSION = YES;
				CLANG_WARN_INT_CONVERSION = YES;
				CLANG_WARN_OBJC_ROOT_CLASS = YES_ERROR;
				CLANG_WARN_UNREACHABLE_CODE = YES;
				CLANG_WARN__DUPLICATE_METHOD_MATCH = YES;
				"CODE_SIGN_IDENTITY[sdk=iphoneos*]" = "iPhone Developer";
				COPY_PHASE_STRIP = NO;
				DEBUG_INFORMATION_FORMAT = dwarf;
				ENABLE_STRICT_OBJC_MSGSEND = YES;
				ENABLE_TESTABILITY = YES;
				GCC_C_LANGUAGE_STANDARD = gnu99;
				GCC_DYNAMIC_NO_PIC = NO;
				GCC_NO_COMMON_BLOCKS = YES;
				GCC_OPTIMIZATION_LEVEL = 0;
				GCC_PREPROCESSOR_DEFINITIONS = (
					"DEBUG=1",
					"$(inherited)",
				);
				GCC_WARN_64_TO_32_BIT_CONVERSION = YES;
				GCC_WARN_ABOUT_RETURN_TYPE = YES_ERROR;
				GCC_WARN_UNDECLARED_SELECTOR = YES;
				GCC_WARN_UNINITIALIZED_AUTOS = YES_AGGRESSIVE;
				GCC_WARN_UNUSED_FUNCTION = YES;
				GCC_WARN_UNUSED_VARIABLE = YES;
				IPHONEOS_DEPLOYMENT_TARGET = 9.3;
				MTL_ENABLE_DEBUG_INFO = YES;
				ONLY_ACTIVE_ARCH = YES;
				SDKROOT = iphoneos;
				SWIFT_OPTIMIZATION_LEVEL = "-Onone";
				TARGETED_DEVICE_FAMILY = "1,2";
			};
			name = Debug;
		};
		09F7C3D71D40E31C001AB339 /* Release */ = {
			isa = XCBuildConfiguration;
			buildSettings = {
				ALWAYS_SEARCH_USER_PATHS = NO;
				CLANG_ANALYZER_NONNULL = YES;
				CLANG_CXX_LANGUAGE_STANDARD = "gnu++0x";
				CLANG_CXX_LIBRARY = "libc++";
				CLANG_ENABLE_MODULES = YES;
				CLANG_ENABLE_OBJC_ARC = YES;
				CLANG_WARN_BOOL_CONVERSION = YES;
				CLANG_WARN_CONSTANT_CONVERSION = YES;
				CLANG_WARN_DIRECT_OBJC_ISA_USAGE = YES_ERROR;
				CLANG_WARN_EMPTY_BODY = YES;
				CLANG_WARN_ENUM_CONVERSION = YES;
				CLANG_WARN_INT_CONVERSION = YES;
				CLANG_WARN_OBJC_ROOT_CLASS = YES_ERROR;
				CLANG_WARN_UNREACHABLE_CODE = YES;
				CLANG_WARN__DUPLICATE_METHOD_MATCH = YES;
				"CODE_SIGN_IDENTITY[sdk=iphoneos*]" = "iPhone Developer";
				COPY_PHASE_STRIP = NO;
				DEBUG_INFORMATION_FORMAT = "dwarf-with-dsym";
				ENABLE_NS_ASSERTIONS = NO;
				ENABLE_STRICT_OBJC_MSGSEND = YES;
				GCC_C_LANGUAGE_STANDARD = gnu99;
				GCC_NO_COMMON_BLOCKS = YES;
				GCC_WARN_64_TO_32_BIT_CONVERSION = YES;
				GCC_WARN_ABOUT_RETURN_TYPE = YES_ERROR;
				GCC_WARN_UNDECLARED_SELECTOR = YES;
				GCC_WARN_UNINITIALIZED_AUTOS = YES_AGGRESSIVE;
				GCC_WARN_UNUSED_FUNCTION = YES;
				GCC_WARN_UNUSED_VARIABLE = YES;
				IPHONEOS_DEPLOYMENT_TARGET = 9.3;
				MTL_ENABLE_DEBUG_INFO = NO;
				SDKROOT = iphoneos;
				TARGETED_DEVICE_FAMILY = "1,2";
				VALIDATE_PRODUCT = YES;
			};
			name = Release;
		};
		09F7C3D91D40E31C001AB339 /* Debug */ = {
			isa = XCBuildConfiguration;
			buildSettings = {
				ASSETCATALOG_COMPILER_APPICON_NAME = AppIcon;
				INFOPLIST_FILE = MQPanGestureRecognizerDrawer/Info.plist;
				LD_RUNPATH_SEARCH_PATHS = "$(inherited) @executable_path/Frameworks";
				PRODUCT_BUNDLE_IDENTIFIER = com.mengQuietly.MQPanGestureRecognizerDrawer;
				PRODUCT_NAME = "$(TARGET_NAME)";
			};
			name = Debug;
		};
		09F7C3DA1D40E31C001AB339 /* Release */ = {
			isa = XCBuildConfiguration;
			buildSettings = {
				ASSETCATALOG_COMPILER_APPICON_NAME = AppIcon;
				INFOPLIST_FILE = MQPanGestureRecognizerDrawer/Info.plist;
				LD_RUNPATH_SEARCH_PATHS = "$(inherited) @executable_path/Frameworks";
				PRODUCT_BUNDLE_IDENTIFIER = com.mengQuietly.MQPanGestureRecognizerDrawer;
				PRODUCT_NAME = "$(TARGET_NAME)";
			};
			name = Release;
		};
		09F7C3DC1D40E31C001AB339 /* Debug */ = {
			isa = XCBuildConfiguration;
			buildSettings = {
				BUNDLE_LOADER = "$(TEST_HOST)";
				INFOPLIST_FILE = MQPanGestureRecognizerDrawerTests/Info.plist;
				LD_RUNPATH_SEARCH_PATHS = "$(inherited) @executable_path/Frameworks @loader_path/Frameworks";
				PRODUCT_BUNDLE_IDENTIFIER = com.mengQuietly.MQPanGestureRecognizerDrawerTests;
				PRODUCT_NAME = "$(TARGET_NAME)";
				TEST_HOST = "$(BUILT_PRODUCTS_DIR)/MQPanGestureRecognizerDrawer.app/MQPanGestureRecognizerDrawer";
			};
			name = Debug;
		};
		09F7C3DD1D40E31C001AB339 /* Release */ = {
			isa = XCBuildConfiguration;
			buildSettings = {
				BUNDLE_LOADER = "$(TEST_HOST)";
				INFOPLIST_FILE = MQPanGestureRecognizerDrawerTests/Info.plist;
				LD_RUNPATH_SEARCH_PATHS = "$(inherited) @executable_path/Frameworks @loader_path/Frameworks";
				PRODUCT_BUNDLE_IDENTIFIER = com.mengQuietly.MQPanGestureRecognizerDrawerTests;
				PRODUCT_NAME = "$(TARGET_NAME)";
				TEST_HOST = "$(BUILT_PRODUCTS_DIR)/MQPanGestureRecognizerDrawer.app/MQPanGestureRecognizerDrawer";
			};
			name = Release;
		};
/* End XCBuildConfiguration section */

/* Begin XCConfigurationList section */
		09F7C3B61D40E31C001AB339 /* Build configuration list for PBXProject "MQPanGestureRecognizerDrawer" */ = {
			isa = XCConfigurationList;
			buildConfigurations = (
				09F7C3D61D40E31C001AB339 /* Debug */,
				09F7C3D71D40E31C001AB339 /* Release */,
			);
			defaultConfigurationIsVisible = 0;
			defaultConfigurationName = Release;
		};
		09F7C3D81D40E31C001AB339 /* Build configuration list for PBXNativeTarget "MQPanGestureRecognizerDrawer" */ = {
			isa = XCConfigurationList;
			buildConfigurations = (
				09F7C3D91D40E31C001AB339 /* Debug */,
				09F7C3DA1D40E31C001AB339 /* Release */,
			);
			defaultConfigurationIsVisible = 0;
			defaultConfigurationName = Release;
		};
		09F7C3DB1D40E31C001AB339 /* Build configuration list for PBXNativeTarget "MQPanGestureRecognizerDrawerTests" */ = {
			isa = XCConfigurationList;
			buildConfigurations = (
				09F7C3DC1D40E31C001AB339 /* Debug */,
				09F7C3DD1D40E31C001AB339 /* Release */,
			);
			defaultConfigurationIsVisible = 0;
			defaultConfigurationName = Release;
		};
/* End XCConfigurationList section */
	};
	rootObject = 09F7C3B31D40E31C001AB339 /* Project object */;
}
